<?xml version="1.0" encoding="utf-8"?>
<Project ToolsVersion="4.0" xmlns="http://schemas.microsoft.com/developer/msbuild/2003">
  <ItemGroup>
    <Filter Include="源文件">
      <UniqueIdentifier>{4FC737F1-C7A5-4376-A066-2A32D752A2FF}</UniqueIdentifier>
      <Extensions>cpp;c;cc;cxx;c++;cppm;ixx;def;odl;idl;hpj;bat;asm;asmx</Extensions>
    </Filter>
    <Filter Include="头文件">
      <UniqueIdentifier>{93995380-89BD-4b04-88EB-625FBE52EBFB}</UniqueIdentifier>
      <Extensions>h;hh;hpp;hxx;h++;hm;inl;inc;ipp;xsd</Extensions>
    </Filter>
    <Filter Include="资源文件">
      <UniqueIdentifier>{67DA6AB6-F800-4c08-8B7A-83BB121AAD01}</UniqueIdentifier>
      <Extensions>rc;ico;cur;bmp;dlg;rc2;rct;bin;rgs;gif;jpg;jpeg;jpe;resx;tiff;tif;png;wav;mfcribbon-ms</Extensions>
    </Filter>
    <Filter Include="源文件\1、基础">
      <UniqueIdentifier>{beb3c46c-0db5-486a-9f98-dcc3b4544964}</UniqueIdentifier>
    </Filter>
    <Filter Include="源文件\2、数据类型">
      <UniqueIdentifier>{67eef53d-cca4-40e6-a045-c17a2baa33a9}</UniqueIdentifier>
    </Filter>
    <Filter Include="源文件\3、运算符">
      <UniqueIdentifier>{0dc53abd-f9aa-41c8-a37e-a469e3109c04}</UniqueIdentifier>
    </Filter>
    <Filter Include="源文件\4、程序流程结构">
      <UniqueIdentifier>{6be4d177-9d5a-4c70-ac5e-5d99f74422f7}</UniqueIdentifier>
    </Filter>
    <Filter Include="源文件\5、数组">
      <UniqueIdentifier>{84451197-4813-4ec1-89a0-a6d510ab542b}</UniqueIdentifier>
    </Filter>
    <Filter Include="源文件\6、函数">
      <UniqueIdentifier>{cc67ca1b-dad6-480e-b07e-3c8651248edc}</UniqueIdentifier>
    </Filter>
    <Filter Include="源文件\7、指针">
      <UniqueIdentifier>{dab4cff6-0a3b-442e-8db3-0d3686764746}</UniqueIdentifier>
    </Filter>
    <Filter Include="源文件\8、结构体">
      <UniqueIdentifier>{20ee8919-45b2-43e5-8422-5d3b859bb708}</UniqueIdentifier>
    </Filter>
  </ItemGroup>
  <ItemGroup>
    <ClCompile Include="1helloworld.cpp">
      <Filter>源文件\1、基础</Filter>
    </ClCompile>
    <ClCompile Include="2变量.cpp">
      <Filter>源文件\1、基础</Filter>
    </ClCompile>
    <ClCompile Include="3常量.cpp">
      <Filter>源文件\1、基础</Filter>
    </ClCompile>
    <ClCompile Include="4标识符命名规则.cpp">
      <Filter>源文件\1、基础</Filter>
    </ClCompile>
    <ClCompile Include="36数组_一维数组.cpp">
      <Filter>源文件\5、数组</Filter>
    </ClCompile>
    <ClCompile Include="37一维数组案例.cpp">
      <Filter>源文件\5、数组</Filter>
    </ClCompile>
    <ClCompile Include="38数组元素逆置案例.cpp">
      <Filter>源文件\5、数组</Filter>
    </ClCompile>
    <ClCompile Include="39冒泡排序.cpp">
      <Filter>源文件\5、数组</Filter>
    </ClCompile>
    <ClCompile Include="40二维数组.cpp">
      <Filter>源文件\5、数组</Filter>
    </ClCompile>
    <ClCompile Include="41二维数组数组名.cpp">
      <Filter>源文件\5、数组</Filter>
    </ClCompile>
    <ClCompile Include="42二维数组应用案例.cpp">
      <Filter>源文件\5、数组</Filter>
    </ClCompile>
    <ClCompile Include="43函数.cpp">
      <Filter>源文件\6、函数</Filter>
    </ClCompile>
    <ClCompile Include="44函数的调用.cpp">
      <Filter>源文件\6、函数</Filter>
    </ClCompile>
    <ClCompile Include="45值传递.cpp">
      <Filter>源文件\6、函数</Filter>
    </ClCompile>
    <ClCompile Include="46函数的常见样式.cpp">
      <Filter>源文件\6、函数</Filter>
    </ClCompile>
    <ClCompile Include="47函数的声明.cpp">
      <Filter>源文件\6、函数</Filter>
    </ClCompile>
    <ClCompile Include="48函数的分文件编写.cpp">
      <Filter>源文件\6、函数</Filter>
    </ClCompile>
    <ClCompile Include="swap.cpp">
      <Filter>源文件\6、函数</Filter>
    </ClCompile>
    <ClCompile Include="12数据的输入.cpp">
      <Filter>源文件\2、数据类型</Filter>
    </ClCompile>
    <ClCompile Include="5数据类型_整型.cpp">
      <Filter>源文件\2、数据类型</Filter>
    </ClCompile>
    <ClCompile Include="6sizeof关键字.cpp">
      <Filter>源文件\2、数据类型</Filter>
    </ClCompile>
    <ClCompile Include="7实型（浮点型）.cpp">
      <Filter>源文件\2、数据类型</Filter>
    </ClCompile>
    <ClCompile Include="8字符型.cpp">
      <Filter>源文件\2、数据类型</Filter>
    </ClCompile>
    <ClCompile Include="9转义字符.cpp">
      <Filter>源文件\2、数据类型</Filter>
    </ClCompile>
    <ClCompile Include="10字符串型.cpp">
      <Filter>源文件\2、数据类型</Filter>
    </ClCompile>
    <ClCompile Include="11布尔类型bool.cpp">
      <Filter>源文件\2、数据类型</Filter>
    </ClCompile>
    <ClCompile Include="13运算符.cpp">
      <Filter>源文件\3、运算符</Filter>
    </ClCompile>
    <ClCompile Include="14算术运算符取模运算.cpp">
      <Filter>源文件\3、运算符</Filter>
    </ClCompile>
    <ClCompile Include="15算术运算符递增减.cpp">
      <Filter>源文件\3、运算符</Filter>
    </ClCompile>
    <ClCompile Include="16赋值运算符.cpp">
      <Filter>源文件\3、运算符</Filter>
    </ClCompile>
    <ClCompile Include="17比较运算符.cpp">
      <Filter>源文件\3、运算符</Filter>
    </ClCompile>
    <ClCompile Include="18逻辑运算符.cpp">
      <Filter>源文件\3、运算符</Filter>
    </ClCompile>
    <ClCompile Include="19程序流程结构.cpp">
      <Filter>源文件\4、程序流程结构</Filter>
    </ClCompile>
    <ClCompile Include="20多条件if语句.cpp">
      <Filter>源文件\4、程序流程结构</Filter>
    </ClCompile>
    <ClCompile Include="21嵌套if语句.cpp">
      <Filter>源文件\4、程序流程结构</Filter>
    </ClCompile>
    <ClCompile Include="22练习案例.cpp">
      <Filter>源文件\4、程序流程结构</Filter>
    </ClCompile>
    <ClCompile Include="23三目运算符.cpp">
      <Filter>源文件\4、程序流程结构</Filter>
    </ClCompile>
    <ClCompile Include="24switch语句.cpp">
      <Filter>源文件\4、程序流程结构</Filter>
    </ClCompile>
    <ClCompile Include="25循环结构.cpp">
      <Filter>源文件\4、程序流程结构</Filter>
    </ClCompile>
    <ClCompile Include="26while循环案例.cpp">
      <Filter>源文件\4、程序流程结构</Filter>
    </ClCompile>
    <ClCompile Include="27dowhile循环语句.cpp">
      <Filter>源文件\4、程序流程结构</Filter>
    </ClCompile>
    <ClCompile Include="28案例水仙花数.cpp">
      <Filter>源文件\4、程序流程结构</Filter>
    </ClCompile>
    <ClCompile Include="29for循环.cpp">
      <Filter>源文件\4、程序流程结构</Filter>
    </ClCompile>
    <ClCompile Include="30案例敲桌子.cpp">
      <Filter>源文件\4、程序流程结构</Filter>
    </ClCompile>
    <ClCompile Include="31嵌套循环.cpp">
      <Filter>源文件\4、程序流程结构</Filter>
    </ClCompile>
    <ClCompile Include="32案例乘法口诀表.cpp">
      <Filter>源文件\4、程序流程结构</Filter>
    </ClCompile>
    <ClCompile Include="33break语句.cpp">
      <Filter>源文件\4、程序流程结构</Filter>
    </ClCompile>
    <ClCompile Include="34continue语句.cpp">
      <Filter>源文件\4、程序流程结构</Filter>
    </ClCompile>
    <ClCompile Include="35goto语句.cpp">
      <Filter>源文件\4、程序流程结构</Filter>
    </ClCompile>
    <ClCompile Include="49指针_指针的基本概念.cpp">
      <Filter>源文件\7、指针</Filter>
    </ClCompile>
    <ClCompile Include="50指针所占用的内存空间.cpp">
      <Filter>源文件\7、指针</Filter>
    </ClCompile>
    <ClCompile Include="51空指针.cpp">
      <Filter>源文件\7、指针</Filter>
    </ClCompile>
    <ClCompile Include="52野指针.cpp">
      <Filter>源文件\7、指针</Filter>
    </ClCompile>
    <ClCompile Include="53const修饰指针.cpp">
      <Filter>源文件\7、指针</Filter>
    </ClCompile>
    <ClCompile Include="54指针和数组.cpp">
      <Filter>源文件\7、指针</Filter>
    </ClCompile>
    <ClCompile Include="55指针和函数.cpp">
      <Filter>源文件\7、指针</Filter>
    </ClCompile>
    <ClCompile Include="56指针、数组、函数案例.cpp">
      <Filter>源文件\7、指针</Filter>
    </ClCompile>
    <ClCompile Include="57结构提的基本概念.cpp">
      <Filter>源文件\8、结构体</Filter>
    </ClCompile>
    <ClCompile Include="58结构体数组.cpp">
      <Filter>源文件\8、结构体</Filter>
    </ClCompile>
    <ClCompile Include="59结构体指针.cpp">
      <Filter>源文件\8、结构体</Filter>
    </ClCompile>
    <ClCompile Include="60结构体嵌套结构体.cpp">
      <Filter>源文件\8、结构体</Filter>
    </ClCompile>
    <ClCompile Include="61结构体做函数参数.cpp">
      <Filter>源文件\8、结构体</Filter>
    </ClCompile>
    <ClCompile Include="62结构体中const使用场景.cpp">
      <Filter>源文件\8、结构体</Filter>
    </ClCompile>
    <ClCompile Include="63结构体案例1.cpp">
      <Filter>源文件\8、结构体</Filter>
    </ClCompile>
    <ClCompile Include="64结构体案例2.cpp">
      <Filter>源文件\8、结构体</Filter>
    </ClCompile>
  </ItemGroup>
  <ItemGroup>
    <ClInclude Include="swap.h">
      <Filter>头文件</Filter>
    </ClInclude>
  </ItemGroup>
</Project>