
Microsoft Visual Studio Solution File, Format Version 12.00
# Visual Studio Version 16
VisualStudioVersion = 16.0.31321.278
MinimumVisualStudioVersion = 10.0.40219.1
Project("{8BC9CEB8-8B4A-11D0-8D11-00A0C91BC942}") = "4、友元", "4、友元\4、友元.vcxproj", "{87132A17-EFF6-4BA3-8F85-D1FBCEF151CD}"
EndProject
Global
	GlobalSection(SolutionConfigurationPlatforms) = preSolution
		Debug|x64 = Debug|x64
		Debug|x86 = Debug|x86
		Release|x64 = Release|x64
		Release|x86 = Release|x86
	EndGlobalSection
	GlobalSection(ProjectConfigurationPlatforms) = postSolution
		{87132A17-EFF6-4BA3-8F85-D1FBCEF151CD}.Debug|x64.ActiveCfg = Debug|x64
		{87132A17-EFF6-4BA3-8F85-D1FBCEF151CD}.Debug|x64.Build.0 = Debug|x64
		{87132A17-EFF6-4BA3-8F85-D1FBCEF151CD}.Debug|x86.ActiveCfg = Debug|Win32
		{87132A17-EFF6-4BA3-8F85-D1FBCEF151CD}.Debug|x86.Build.0 = Debug|Win32
		{87132A17-EFF6-4BA3-8F85-D1FBCEF151CD}.Release|x64.ActiveCfg = Release|x64
		{87132A17-EFF6-4BA3-8F85-D1FBCEF151CD}.Release|x64.Build.0 = Release|x64
		{87132A17-EFF6-4BA3-8F85-D1FBCEF151CD}.Release|x86.ActiveCfg = Release|Win32
		{87132A17-EFF6-4BA3-8F85-D1FBCEF151CD}.Release|x86.Build.0 = Release|Win32
	EndGlobalSection
	GlobalSection(SolutionProperties) = preSolution
		HideSolutionNode = FALSE
	EndGlobalSection
	GlobalSection(ExtensibilityGlobals) = postSolution
		SolutionGuid = {A50A6382-82E0-4EDD-9280-C88880A7D81D}
	EndGlobalSection
EndGlobal
